
Microsoft Visual Studio Solution File, Format Version 12.00
# Visual Studio Version 17
VisualStudioVersion = 17.3.32825.248
MinimumVisualStudioVersion = 10.0.40219.1
Project("{FAE04EC0-301F-11D3-BF4B-00C04F79EFBC}") = "syntaxSugarExercise", "syntaxSugarExercise\syntaxSugarExercise.csproj", "{BDEB0EAB-C8D7-4219-855A-7BF32E591D6E}"
EndProject
Global
	GlobalSection(SolutionConfigurationPlatforms) = preSolution
		Debug|Any CPU = Debug|Any CPU
		Release|Any CPU = Release|Any CPU
	EndGlobalSection
	GlobalSection(ProjectConfigurationPlatforms) = postSolution
		{BDEB0EAB-C8D7-4219-855A-7BF32E591D6E}.Debug|Any CPU.ActiveCfg = Debug|Any CPU
		{BDEB0EAB-C8D7-4219-855A-7BF32E591D6E}.Debug|Any CPU.Build.0 = Debug|Any CPU
		{BDEB0EAB-C8D7-4219-855A-7BF32E591D6E}.Release|Any CPU.ActiveCfg = Release|Any CPU
		{BDEB0EAB-C8D7-4219-855A-7BF32E591D6E}.Release|Any CPU.Build.0 = Release|Any CPU
	EndGlobalSection
	GlobalSection(SolutionProperties) = preSolution
		HideSolutionNode = FALSE
	EndGlobalSection
	GlobalSection(ExtensibilityGlobals) = postSolution
		SolutionGuid = {14262D2C-602B-427E-B297-1CD9DED3D440}
	EndGlobalSection
EndGlobal
